// !$*UTF8*$!
{
	archiveVersion = 1;
	classes = {
	};
	objectVersion = 46;
	objects = {

/* Begin PBXBuildFile section */
		42DC45862A0C828B0098D8A5 /* EmptyCell.m in Sources */ = {isa = PBXBuildFile; fileRef = 42DC45852A0C828B0098D8A5 /* EmptyCell.m */; };
		42DC45892A0C85E20098D8A5 /* TextCell.m in Sources */ = {isa = PBXBuildFile; fileRef = 42DC45882A0C85E20098D8A5 /* TextCell.m */; };
		AABCC1642BEC00372D6F6780 /* main.m in Sources */ = {isa = PBXBuildFile; fileRef = AABCC322FAEA56093C7AEC6A /* main.m */; };
/* End PBXBuildFile section */

/* Begin PBXCopyFilesBuildPhase section */
		AABCC05453B75EA9E1E955C2 /* CopyFiles */ = {
			isa = PBXCopyFilesBuildPhase;
			buildActionMask = 2147483647;
			dstPath = /usr/share/man/man1/;
			dstSubfolderSpec = 0;
			files = (
			);
			runOnlyForDeploymentPostprocessing = 1;
		};
/* End PBXCopyFilesBuildPhase section */

/* Begin PBXFileReference section */
		42DC45812A0C81650098D8A5 /* Cell.h */ = {isa = PBXFileReference; lastKnownFileType = sourcecode.c.h; path = Cell.h; sourceTree = "<group>"; };
		42DC45842A0C828B0098D8A5 /* EmptyCell.h */ = {isa = PBXFileReference; lastKnownFileType = sourcecode.c.h; path = EmptyCell.h; sourceTree = "<group>"; };
		42DC45852A0C828B0098D8A5 /* EmptyCell.m */ = {isa = PBXFileReference; lastKnownFileType = sourcecode.c.objc; path = EmptyCell.m; sourceTree = "<group>"; };
		42DC45872A0C85E20098D8A5 /* TextCell.h */ = {isa = PBXFileReference; lastKnownFileType = sourcecode.c.h; path = TextCell.h; sourceTree = "<group>"; };
		42DC45882A0C85E20098D8A5 /* TextCell.m */ = {isa = PBXFileReference; lastKnownFileType = sourcecode.c.objc; path = TextCell.m; sourceTree = "<group>"; };
		42DC458A2A0C86DA0098D8A5 /* NSComparisonMethods.h */ = {isa = PBXFileReference; lastKnownFileType = sourcecode.c.h; path = NSComparisonMethods.h; sourceTree = "<group>"; };
		42DC458B2A0C886B0098D8A5 /* Grid.h */ = {isa = PBXFileReference; lastKnownFileType = sourcecode.c.h; path = Grid.h; sourceTree = "<group>"; };
		42DC458E2A0C895C0098D8A5 /* Location.h */ = {isa = PBXFileReference; lastKnownFileType = sourcecode.c.h; path = Location.h; sourceTree = "<group>"; };
		AABCC322FAEA56093C7AEC6A /* main.m */ = {isa = PBXFileReference; lastKnownFileType = sourcecode.c.objc; path = main.m; sourceTree = "<group>"; };
		AABCCAB361F29F904CC1EAD6 /* TextExcel-ObjC */ = {isa = PBXFileReference; explicitFileType = "compiled.mach-o.executable"; includeInIndex = 0; path = "TextExcel-ObjC"; sourceTree = BUILT_PRODUCTS_DIR; };
/* End PBXFileReference section */

/* Begin PBXFrameworksBuildPhase section */
		AABCC4D787F9A20026D036F8 /* Frameworks */ = {
			isa = PBXFrameworksBuildPhase;
			buildActionMask = 2147483647;
			files = (
			);
			runOnlyForDeploymentPostprocessing = 0;
		};
/* End PBXFrameworksBuildPhase section */

/* Begin PBXGroup section */
		AABCC131AF1E51333CE7F7A9 = {
			isa = PBXGroup;
			children = (
				AABCC61D166E86FC97E84D10 /* Products */,
				AABCC2C23F1A24B3707FFF1E /* TextExcel-ObjC */,
			);
			sourceTree = "<group>";
		};
		AABCC2C23F1A24B3707FFF1E /* TextExcel-ObjC */ = {
			isa = PBXGroup;
			children = (
				AABCC322FAEA56093C7AEC6A /* main.m */,
				42DC45812A0C81650098D8A5 /* Cell.h */,
				42DC45842A0C828B0098D8A5 /* EmptyCell.h */,
				42DC45852A0C828B0098D8A5 /* EmptyCell.m */,
				42DC45872A0C85E20098D8A5 /* TextCell.h */,
				42DC45882A0C85E20098D8A5 /* TextCell.m */,
				42DC458A2A0C86DA0098D8A5 /* NSComparisonMethods.h */,
				42DC458B2A0C886B0098D8A5 /* Grid.h */,
				42DC458E2A0C895C0098D8A5 /* Location.h */,
			);
			path = "TextExcel-ObjC";
			sourceTree = "<group>";
		};
		AABCC61D166E86FC97E84D10 /* Products */ = {
			isa = PBXGroup;
			children = (
				AABCCAB361F29F904CC1EAD6 /* TextExcel-ObjC */,
			);
			name = Products;
			sourceTree = "<group>";
		};
/* End PBXGroup section */

/* Begin PBXNativeTarget section */
		AABCC489E5DA7389EC876CAA /* TextExcel-ObjC */ = {
			isa = PBXNativeTarget;
			buildConfigurationList = AABCCFEEA507A3AE16DB2702 /* Build configuration list for PBXNativeTarget "TextExcel-ObjC" */;
			buildPhases = (
				AABCC07EFFDD3B28DADFDA54 /* Sources */,
				AABCC4D787F9A20026D036F8 /* Frameworks */,
				AABCC05453B75EA9E1E955C2 /* CopyFiles */,
			);
			buildRules = (
			);
			dependencies = (
			);
			name = "TextExcel-ObjC";
			productName = "TextExcel-ObjC";
			productReference = AABCCAB361F29F904CC1EAD6 /* TextExcel-ObjC */;
			productType = "com.apple.product-type.tool";
		};
/* End PBXNativeTarget section */

/* Begin PBXProject section */
		AABCC3EDB09F7A4A59823AD0 /* Project object */ = {
			isa = PBXProject;
			attributes = {
			};
			buildConfigurationList = AABCCF25927BBCC2F51621AB /* Build configuration list for PBXProject "TextExcel-ObjC" */;
			compatibilityVersion = "Xcode 3.2";
			developmentRegion = English;
			hasScannedForEncodings = 0;
			knownRegions = (
				English,
				en,
			);
			mainGroup = AABCC131AF1E51333CE7F7A9;
			productRefGroup = AABCC61D166E86FC97E84D10 /* Products */;
			projectDirPath = "";
			projectRoot = "";
			targets = (
				AABCC489E5DA7389EC876CAA /* TextExcel-ObjC */,
			);
		};
/* End PBXProject section */

/* Begin PBXSourcesBuildPhase section */
		AABCC07EFFDD3B28DADFDA54 /* Sources */ = {
			isa = PBXSourcesBuildPhase;
			buildActionMask = 2147483647;
			files = (
				42DC45892A0C85E20098D8A5 /* TextCell.m in Sources */,
				AABCC1642BEC00372D6F6780 /* main.m in Sources */,
				42DC45862A0C828B0098D8A5 /* EmptyCell.m in Sources */,
			);
			runOnlyForDeploymentPostprocessing = 0;
		};
/* End PBXSourcesBuildPhase section */

/* Begin XCBuildConfiguration section */
		AABCC4A6E39EB0FA000CC32C /* Release */ = {
			isa = XCBuildConfiguration;
			buildSettings = {
				PRODUCT_NAME = "$(TARGET_NAME)";
			};
			name = Release;
		};
		AABCC5353BE5162D4E0F674C /* Release */ = {
			isa = XCBuildConfiguration;
			buildSettings = {
				ALWAYS_SEARCH_USER_PATHS = NO;
				CLANG_ANALYZER_NONNULL = YES;
				CLANG_ANALYZER_NUMBER_OBJECT_CONVERSION = YES_AGGRESSIVE;
				CLANG_CXX_LANGUAGE_STANDARD = "gnu++20";
				CLANG_ENABLE_MODULES = YES;
				CLANG_ENABLE_OBJC_ARC = YES;
				CLANG_ENABLE_OBJC_WEAK = YES;
				CLANG_WARN_BLOCK_CAPTURE_AUTORELEASING = YES;
				CLANG_WARN_BOOL_CONVERSION = YES;
				CLANG_WARN_COMMA = YES;
				CLANG_WARN_CONSTANT_CONVERSION = YES;
				CLANG_WARN_DEPRECATED_OBJC_IMPLEMENTATIONS = YES;
				CLANG_WARN_DIRECT_OBJC_ISA_USAGE = YES_ERROR;
				CLANG_WARN_DOCUMENTATION_COMMENTS = YES;
				CLANG_WARN_EMPTY_BODY = YES;
				CLANG_WARN_ENUM_CONVERSION = YES;
				CLANG_WARN_INFINITE_RECURSION = YES;
				CLANG_WARN_INT_CONVERSION = YES;
				CLANG_WARN_NON_LITERAL_NULL_CONVERSION = YES;
				CLANG_WARN_OBJC_IMPLICIT_RETAIN_SELF = YES;
				CLANG_WARN_OBJC_LITERAL_CONVERSION = YES;
				CLANG_WARN_OBJC_ROOT_CLASS = YES_ERROR;
				CLANG_WARN_QUOTED_INCLUDE_IN_FRAMEWORK_HEADER = YES;
				CLANG_WARN_RANGE_LOOP_ANALYSIS = YES;
				CLANG_WARN_STRICT_PROTOTYPES = YES;
				CLANG_WARN_SUSPICIOUS_MOVE = YES;
				CLANG_WARN_UNGUARDED_AVAILABILITY = YES_AGGRESSIVE;
				CLANG_WARN_UNREACHABLE_CODE = YES;
				CLANG_WARN__DUPLICATE_METHOD_MATCH = YES;
				COPY_PHASE_STRIP = NO;
				DEBUG_INFORMATION_FORMAT = "dwarf-with-dsym";
				ENABLE_NS_ASSERTIONS = NO;
				ENABLE_STRICT_OBJC_MSGSEND = YES;
				GCC_C_LANGUAGE_STANDARD = gnu11;
				GCC_NO_COMMON_BLOCKS = YES;
				GCC_WARN_64_TO_32_BIT_CONVERSION = YES;
				GCC_WARN_ABOUT_RETURN_TYPE = YES_ERROR;
				GCC_WARN_UNDECLARED_SELECTOR = YES;
				GCC_WARN_UNINITIALIZED_AUTOS = YES_AGGRESSIVE;
				GCC_WARN_UNUSED_FUNCTION = YES;
				GCC_WARN_UNUSED_VARIABLE = YES;
				MACOSX_DEPLOYMENT_TARGET = 13.3;
				MTL_ENABLE_DEBUG_INFO = NO;
				MTL_FAST_MATH = YES;
				SDKROOT = macosx;
			};
			name = Release;
		};
		AABCC555306B5F7610718832 /* Debug */ = {
			isa = XCBuildConfiguration;
			buildSettings = {
				ALWAYS_SEARCH_USER_PATHS = NO;
				CLANG_ANALYZER_NONNULL = YES;
				CLANG_ANALYZER_NUMBER_OBJECT_CONVERSION = YES_AGGRESSIVE;
				CLANG_CXX_LANGUAGE_STANDARD = "gnu++20";
				CLANG_ENABLE_MODULES = YES;
				CLANG_ENABLE_OBJC_ARC = YES;
				CLANG_ENABLE_OBJC_WEAK = YES;
				CLANG_WARN_BLOCK_CAPTURE_AUTORELEASING = YES;
				CLANG_WARN_BOOL_CONVERSION = YES;
				CLANG_WARN_COMMA = YES;
				CLANG_WARN_CONSTANT_CONVERSION = YES;
				CLANG_WARN_DEPRECATED_OBJC_IMPLEMENTATIONS = YES;
				CLANG_WARN_DIRECT_OBJC_ISA_USAGE = YES_ERROR;
				CLANG_WARN_DOCUMENTATION_COMMENTS = YES;
				CLANG_WARN_EMPTY_BODY = YES;
				CLANG_WARN_ENUM_CONVERSION = YES;
				CLANG_WARN_INFINITE_RECURSION = YES;
				CLANG_WARN_INT_CONVERSION = YES;
				CLANG_WARN_NON_LITERAL_NULL_CONVERSION = YES;
				CLANG_WARN_OBJC_IMPLICIT_RETAIN_SELF = YES;
				CLANG_WARN_OBJC_LITERAL_CONVERSION = YES;
				CLANG_WARN_OBJC_ROOT_CLASS = YES_ERROR;
				CLANG_WARN_QUOTED_INCLUDE_IN_FRAMEWORK_HEADER = YES;
				CLANG_WARN_RANGE_LOOP_ANALYSIS = YES;
				CLANG_WARN_STRICT_PROTOTYPES = YES;
				CLANG_WARN_SUSPICIOUS_MOVE = YES;
				CLANG_WARN_UNGUARDED_AVAILABILITY = YES_AGGRESSIVE;
				CLANG_WARN_UNREACHABLE_CODE = YES;
				CLANG_WARN__DUPLICATE_METHOD_MATCH = YES;
				COPY_PHASE_STRIP = NO;
				DEBUG_INFORMATION_FORMAT = dwarf;
				ENABLE_STRICT_OBJC_MSGSEND = YES;
				ENABLE_TESTABILITY = YES;
				GCC_C_LANGUAGE_STANDARD = gnu11;
				GCC_DYNAMIC_NO_PIC = NO;
				GCC_NO_COMMON_BLOCKS = YES;
				GCC_OPTIMIZATION_LEVEL = 0;
				GCC_PREPROCESSOR_DEFINITIONS = (
					"DEBUG=1",
					"$(inherited)",
				);
				GCC_WARN_64_TO_32_BIT_CONVERSION = YES;
				GCC_WARN_ABOUT_RETURN_TYPE = YES_ERROR;
				GCC_WARN_UNDECLARED_SELECTOR = YES;
				GCC_WARN_UNINITIALIZED_AUTOS = YES_AGGRESSIVE;
				GCC_WARN_UNUSED_FUNCTION = YES;
				GCC_WARN_UNUSED_VARIABLE = YES;
				MACOSX_DEPLOYMENT_TARGET = 13.3;
				MTL_ENABLE_DEBUG_INFO = INCLUDE_SOURCE;
				MTL_FAST_MATH = YES;
				ONLY_ACTIVE_ARCH = YES;
				SDKROOT = macosx;
			};
			name = Debug;
		};
		AABCCCC5EF9EBF0637DBC470 /* Debug */ = {
			isa = XCBuildConfiguration;
			buildSettings = {
				PRODUCT_NAME = "$(TARGET_NAME)";
			};
			name = Debug;
		};
/* End XCBuildConfiguration section */

/* Begin XCConfigurationList section */
		AABCCF25927BBCC2F51621AB /* Build configuration list for PBXProject "TextExcel-ObjC" */ = {
			isa = XCConfigurationList;
			buildConfigurations = (
				AABCC555306B5F7610718832 /* Debug */,
				AABCC5353BE5162D4E0F674C /* Release */,
			);
			defaultConfigurationIsVisible = 0;
			defaultConfigurationName = Release;
		};
		AABCCFEEA507A3AE16DB2702 /* Build configuration list for PBXNativeTarget "TextExcel-ObjC" */ = {
			isa = XCConfigurationList;
			buildConfigurations = (
				AABCCCC5EF9EBF0637DBC470 /* Debug */,
				AABCC4A6E39EB0FA000CC32C /* Release */,
			);
			defaultConfigurationIsVisible = 0;
			defaultConfigurationName = Release;
		};
/* End XCConfigurationList section */
	};
	rootObject = AABCC3EDB09F7A4A59823AD0 /* Project object */;
}
